
Microsoft Visual Studio Solution File, Format Version 12.00
# Visual Studio Version 17
VisualStudioVersion = 17.0.31903.59
MinimumVisualStudioVersion = 10.0.40219.1
Project("{FAE04EC0-301F-11D3-BF4B-00C04F79EFBC}") = "ges_cours_absence", "ges_cours_absence\ges_cours_absence.csproj", "{73D6D28D-8FB6-4C94-BB37-399D4FF0B611}"
EndProject
Global
	GlobalSection(SolutionConfigurationPlatforms) = preSolution
		Debug|Any CPU = Debug|Any CPU
		Release|Any CPU = Release|Any CPU
	EndGlobalSection
	GlobalSection(SolutionProperties) = preSolution
		HideSolutionNode = FALSE
	EndGlobalSection
	GlobalSection(ProjectConfigurationPlatforms) = postSolution
		{73D6D28D-8FB6-4C94-BB37-399D4FF0B611}.Debug|Any CPU.ActiveCfg = Debug|Any CPU
		{73D6D28D-8FB6-4C94-BB37-399D4FF0B611}.Debug|Any CPU.Build.0 = Debug|Any CPU
		{73D6D28D-8FB6-4C94-BB37-399D4FF0B611}.Release|Any CPU.ActiveCfg = Release|Any CPU
		{73D6D28D-8FB6-4C94-BB37-399D4FF0B611}.Release|Any CPU.Build.0 = Release|Any CPU
	EndGlobalSection
EndGlobal
