{
  "name": "ges_cours_absence",
  "version": "1.0.0",
  "lockfileVersion": 3,
  "requires": true,
  "packages": {
    "": {
      "name": "ges_cours_absence",
      "version": "1.0.0",
      "license": "ISC",
      "dependencies": {
        "ges_cours_absence": "file:"
      }
    },
    "node_modules/ges_cours_absence": {
      "resolved": "",
      "link": true
    }
  }
}
